// !$*UTF8*$!
{
	archiveVersion = 1;
	classes = {
	};
	objectVersion = 50;
	objects = {

/* Begin PBXBuildFile section */
		A35682C523E4D38700998C75 /* AppDelegate.swift in Sources */ = {isa = PBXBuildFile; fileRef = A35682C423E4D38700998C75 /* AppDelegate.swift */; };
		A35682C723E4D38700998C75 /* SceneDelegate.swift in Sources */ = {isa = PBXBuildFile; fileRef = A35682C623E4D38700998C75 /* SceneDelegate.swift */; };
		A35682C923E4D38700998C75 /* ViewController.swift in Sources */ = {isa = PBXBuildFile; fileRef = A35682C823E4D38700998C75 /* ViewController.swift */; };
		A35682CC23E4D38700998C75 /* Main.storyboard in Resources */ = {isa = PBXBuildFile; fileRef = A35682CA23E4D38700998C75 /* Main.storyboard */; };
		A35682CE23E4D38A00998C75 /* Assets.xcassets in Resources */ = {isa = PBXBuildFile; fileRef = A35682CD23E4D38A00998C75 /* Assets.xcassets */; };
		A35682D123E4D38A00998C75 /* LaunchScreen.storyboard in Resources */ = {isa = PBXBuildFile; fileRef = A35682CF23E4D38A00998C75 /* LaunchScreen.storyboard */; };
		A35682DC23E4D38A00998C75 /* tipTests.swift in Sources */ = {isa = PBXBuildFile; fileRef = A35682DB23E4D38A00998C75 /* tipTests.swift */; };
		A35682E723E4D38A00998C75 /* tipUITests.swift in Sources */ = {isa = PBXBuildFile; fileRef = A35682E623E4D38A00998C75 /* tipUITests.swift */; };
/* End PBXBuildFile section */

/* Begin PBXContainerItemProxy section */
		A35682D823E4D38A00998C75 /* PBXContainerItemProxy */ = {
			isa = PBXContainerItemProxy;
			containerPortal = A35682B923E4D38700998C75 /* Project object */;
			proxyType = 1;
			remoteGlobalIDString = A35682C023E4D38700998C75;
			remoteInfo = tip;
		};
		A35682E323E4D38A00998C75 /* PBXContainerItemProxy */ = {
			isa = PBXContainerItemProxy;
			containerPortal = A35682B923E4D38700998C75 /* Project object */;
			proxyType = 1;
			remoteGlobalIDString = A35682C023E4D38700998C75;
			remoteInfo = tip;
		};
/* End PBXContainerItemProxy section */

/* Begin PBXFileReference section */
		A35682C123E4D38700998C75 /* tip.app */ = {isa = PBXFileReference; explicitFileType = wrapper.application; includeInIndex = 0; path = tip.app; sourceTree = BUILT_PRODUCTS_DIR; };
		A35682C423E4D38700998C75 /* AppDelegate.swift */ = {isa = PBXFileReference; lastKnownFileType = sourcecode.swift; path = AppDelegate.swift; sourceTree = "<group>"; };
		A35682C623E4D38700998C75 /* SceneDelegate.swift */ = {isa = PBXFileReference; lastKnownFileType = sourcecode.swift; path = SceneDelegate.swift; sourceTree = "<group>"; };
		A35682C823E4D38700998C75 /* ViewController.swift */ = {isa = PBXFileReference; lastKnownFileType = sourcecode.swift; path = ViewController.swift; sourceTree = "<group>"; };
		A35682CB23E4D38700998C75 /* Base */ = {isa = PBXFileReference; lastKnownFileType = file.storyboard; name = Base; path = Base.lproj/Main.storyboard; sourceTree = "<group>"; };
		A35682CD23E4D38A00998C75 /* Assets.xcassets */ = {isa = PBXFileReference; lastKnownFileType = folder.assetcatalog; path = Assets.xcassets; sourceTree = "<group>"; };
		A35682D023E4D38A00998C75 /* Base */ = {isa = PBXFileReference; lastKnownFileType = file.storyboard; name = Base; path = Base.lproj/LaunchScreen.storyboard; sourceTree = "<group>"; };
		A35682D223E4D38A00998C75 /* Info.plist */ = {isa = PBXFileReference; lastKnownFileType = text.plist.xml; path = Info.plist; sourceTree = "<group>"; };
		A35682D723E4D38A00998C75 /* tipTests.xctest */ = {isa = PBXFileReference; explicitFileType = wrapper.cfbundle; includeInIndex = 0; path = tipTests.xctest; sourceTree = BUILT_PRODUCTS_DIR; };
		A35682DB23E4D38A00998C75 /* tipTests.swift */ = {isa = PBXFileReference; lastKnownFileType = sourcecode.swift; path = tipTests.swift; sourceTree = "<group>"; };
		A35682DD23E4D38A00998C75 /* Info.plist */ = {isa = PBXFileReference; lastKnownFileType = text.plist.xml; path = Info.plist; sourceTree = "<group>"; };
		A35682E223E4D38A00998C75 /* tipUITests.xctest */ = {isa = PBXFileReference; explicitFileType = wrapper.cfbundle; includeInIndex = 0; path = tipUITests.xctest; sourceTree = BUILT_PRODUCTS_DIR; };
		A35682E623E4D38A00998C75 /* tipUITests.swift */ = {isa = PBXFileReference; lastKnownFileType = sourcecode.swift; path = tipUITests.swift; sourceTree = "<group>"; };
		A35682E823E4D38A00998C75 /* Info.plist */ = {isa = PBXFileReference; lastKnownFileType = text.plist.xml; path = Info.plist; sourceTree = "<group>"; };
/* End PBXFileReference section */

/* Begin PBXFrameworksBuildPhase section */
		A35682BE23E4D38700998C75 /* Frameworks */ = {
			isa = PBXFrameworksBuildPhase;
			buildActionMask = 2147483647;
			files = (
			);
			runOnlyForDeploymentPostprocessing = 0;
		};
		A35682D423E4D38A00998C75 /* Frameworks */ = {
			isa = PBXFrameworksBuildPhase;
			buildActionMask = 2147483647;
			files = (
			);
			runOnlyForDeploymentPostprocessing = 0;
		};
		A35682DF23E4D38A00998C75 /* Frameworks */ = {
			isa = PBXFrameworksBuildPhase;
			buildActionMask = 2147483647;
			files = (
			);
			runOnlyForDeploymentPostprocessing = 0;
		};
/* End PBXFrameworksBuildPhase section */

/* Begin PBXGroup section */
		A35682B823E4D38700998C75 = {
			isa = PBXGroup;
			children = (
				A35682C323E4D38700998C75 /* tip */,
				A35682DA23E4D38A00998C75 /* tipTests */,
				A35682E523E4D38A00998C75 /* tipUITests */,
				A35682C223E4D38700998C75 /* Products */,
			);
			sourceTree = "<group>";
		};
		A35682C223E4D38700998C75 /* Products */ = {
			isa = PBXGroup;
			children = (
				A35682C123E4D38700998C75 /* tip.app */,
				A35682D723E4D38A00998C75 /* tipTests.xctest */,
				A35682E223E4D38A00998C75 /* tipUITests.xctest */,
			);
			name = Products;
			sourceTree = "<group>";
		};
		A35682C323E4D38700998C75 /* tip */ = {
			isa = PBXGroup;
			children = (
				A35682C423E4D38700998C75 /* AppDelegate.swift */,
				A35682C623E4D38700998C75 /* SceneDelegate.swift */,
				A35682C823E4D38700998C75 /* ViewController.swift */,
				A35682CA23E4D38700998C75 /* Main.storyboard */,
				A35682CD23E4D38A00998C75 /* Assets.xcassets */,
				A35682CF23E4D38A00998C75 /* LaunchScreen.storyboard */,
				A35682D223E4D38A00998C75 /* Info.plist */,
			);
			path = tip;
			sourceTree = "<group>";
		};
		A35682DA23E4D38A00998C75 /* tipTests */ = {
			isa = PBXGroup;
			children = (
				A35682DB23E4D38A00998C75 /* tipTests.swift */,
				A35682DD23E4D38A00998C75 /* Info.plist */,
			);
			path = tipTests;
			sourceTree = "<group>";
		};
		A35682E523E4D38A00998C75 /* tipUITests */ = {
			isa = PBXGroup;
			children = (
				A35682E623E4D38A00998C75 /* tipUITests.swift */,
				A35682E823E4D38A00998C75 /* Info.plist */,
			);
			path = tipUITests;
			sourceTree = "<group>";
		};
/* End PBXGroup section */

/* Begin PBXNativeTarget section */
		A35682C023E4D38700998C75 /* tip */ = {
			isa = PBXNativeTarget;
			buildConfigurationList = A35682EB23E4D38A00998C75 /* Build configuration list for PBXNativeTarget "tip" */;
			buildPhases = (
				A35682BD23E4D38700998C75 /* Sources */,
				A35682BE23E4D38700998C75 /* Frameworks */,
				A35682BF23E4D38700998C75 /* Resources */,
			);
			buildRules = (
			);
			dependencies = (
			);
			name = tip;
			productName = tip;
			productReference = A35682C123E4D38700998C75 /* tip.app */;
			productType = "com.apple.product-type.application";
		};
		A35682D623E4D38A00998C75 /* tipTests */ = {
			isa = PBXNativeTarget;
			buildConfigurationList = A35682EE23E4D38A00998C75 /* Build configuration list for PBXNativeTarget "tipTests" */;
			buildPhases = (
				A35682D323E4D38A00998C75 /* Sources */,
				A35682D423E4D38A00998C75 /* Frameworks */,
				A35682D523E4D38A00998C75 /* Resources */,
			);
			buildRules = (
			);
			dependencies = (
				A35682D923E4D38A00998C75 /* PBXTargetDependency */,
			);
			name = tipTests;
			productName = tipTests;
			productReference = A35682D723E4D38A00998C75 /* tipTests.xctest */;
			productType = "com.apple.product-type.bundle.unit-test";
		};
		A35682E123E4D38A00998C75 /* tipUITests */ = {
			isa = PBXNativeTarget;
			buildConfigurationList = A35682F123E4D38A00998C75 /* Build configuration list for PBXNativeTarget "tipUITests" */;
			buildPhases = (
				A35682DE23E4D38A00998C75 /* Sources */,
				A35682DF23E4D38A00998C75 /* Frameworks */,
				A35682E023E4D38A00998C75 /* Resources */,
			);
			buildRules = (
			);
			dependencies = (
				A35682E423E4D38A00998C75 /* PBXTargetDependency */,
			);
			name = tipUITests;
			productName = tipUITests;
			productReference = A35682E223E4D38A00998C75 /* tipUITests.xctest */;
			productType = "com.apple.product-type.bundle.ui-testing";
		};
/* End PBXNativeTarget section */

/* Begin PBXProject section */
		A35682B923E4D38700998C75 /* Project object */ = {
			isa = PBXProject;
			attributes = {
				LastSwiftUpdateCheck = 1130;
				LastUpgradeCheck = 1130;
				ORGANIZATIONNAME = "Alec Moore";
				TargetAttributes = {
					A35682C023E4D38700998C75 = {
						CreatedOnToolsVersion = 11.3.1;
					};
					A35682D623E4D38A00998C75 = {
						CreatedOnToolsVersion = 11.3.1;
						TestTargetID = A35682C023E4D38700998C75;
					};
					A35682E123E4D38A00998C75 = {
						CreatedOnToolsVersion = 11.3.1;
						TestTargetID = A35682C023E4D38700998C75;
					};
				};
			};
			buildConfigurationList = A35682BC23E4D38700998C75 /* Build configuration list for PBXProject "tip" */;
			compatibilityVersion = "Xcode 9.3";
			developmentRegion = en;
			hasScannedForEncodings = 0;
			knownRegions = (
				en,
				Base,
			);
			mainGroup = A35682B823E4D38700998C75;
			productRefGroup = A35682C223E4D38700998C75 /* Products */;
			projectDirPath = "";
			projectRoot = "";
			targets = (
				A35682C023E4D38700998C75 /* tip */,
				A35682D623E4D38A00998C75 /* tipTests */,
				A35682E123E4D38A00998C75 /* tipUITests */,
			);
		};
/* End PBXProject section */

/* Begin PBXResourcesBuildPhase section */
		A35682BF23E4D38700998C75 /* Resources */ = {
			isa = PBXResourcesBuildPhase;
			buildActionMask = 2147483647;
			files = (
				A35682D123E4D38A00998C75 /* LaunchScreen.storyboard in Resources */,
				A35682CE23E4D38A00998C75 /* Assets.xcassets in Resources */,
				A35682CC23E4D38700998C75 /* Main.storyboard in Resources */,
			);
			runOnlyForDeploymentPostprocessing = 0;
		};
		A35682D523E4D38A00998C75 /* Resources */ = {
			isa = PBXResourcesBuildPhase;
			buildActionMask = 2147483647;
			files = (
			);
			runOnlyForDeploymentPostprocessing = 0;
		};
		A35682E023E4D38A00998C75 /* Resources */ = {
			isa = PBXResourcesBuildPhase;
			buildActionMask = 2147483647;
			files = (
			);
			runOnlyForDeploymentPostprocessing = 0;
		};
/* End PBXResourcesBuildPhase section */

/* Begin PBXSourcesBuildPhase section */
		A35682BD23E4D38700998C75 /* Sources */ = {
			isa = PBXSourcesBuildPhase;
			buildActionMask = 2147483647;
			files = (
				A35682C923E4D38700998C75 /* ViewController.swift in Sources */,
				A35682C523E4D38700998C75 /* AppDelegate.swift in Sources */,
				A35682C723E4D38700998C75 /* SceneDelegate.swift in Sources */,
			);
			runOnlyForDeploymentPostprocessing = 0;
		};
		A35682D323E4D38A00998C75 /* Sources */ = {
			isa = PBXSourcesBuildPhase;
			buildActionMask = 2147483647;
			files = (
				A35682DC23E4D38A00998C75 /* tipTests.swift in Sources */,
			);
			runOnlyForDeploymentPostprocessing = 0;
		};
		A35682DE23E4D38A00998C75 /* Sources */ = {
			isa = PBXSourcesBuildPhase;
			buildActionMask = 2147483647;
			files = (
				A35682E723E4D38A00998C75 /* tipUITests.swift in Sources */,
			);
			runOnlyForDeploymentPostprocessing = 0;
		};
/* End PBXSourcesBuildPhase section */

/* Begin PBXTargetDependency section */
		A35682D923E4D38A00998C75 /* PBXTargetDependency */ = {
			isa = PBXTargetDependency;
			target = A35682C023E4D38700998C75 /* tip */;
			targetProxy = A35682D823E4D38A00998C75 /* PBXContainerItemProxy */;
		};
		A35682E423E4D38A00998C75 /* PBXTargetDependency */ = {
			isa = PBXTargetDependency;
			target = A35682C023E4D38700998C75 /* tip */;
			targetProxy = A35682E323E4D38A00998C75 /* PBXContainerItemProxy */;
		};
/* End PBXTargetDependency section */

/* Begin PBXVariantGroup section */
		A35682CA23E4D38700998C75 /* Main.storyboard */ = {
			isa = PBXVariantGroup;
			children = (
				A35682CB23E4D38700998C75 /* Base */,
			);
			name = Main.storyboard;
			sourceTree = "<group>";
		};
		A35682CF23E4D38A00998C75 /* LaunchScreen.storyboard */ = {
			isa = PBXVariantGroup;
			children = (
				A35682D023E4D38A00998C75 /* Base */,
			);
			name = LaunchScreen.storyboard;
			sourceTree = "<group>";
		};
/* End PBXVariantGroup section */

/* Begin XCBuildConfiguration section */
		A35682E923E4D38A00998C75 /* Debug */ = {
			isa = XCBuildConfiguration;
			buildSettings = {
				ALWAYS_SEARCH_USER_PATHS = NO;
				CLANG_ANALYZER_NONNULL = YES;
				CLANG_ANALYZER_NUMBER_OBJECT_CONVERSION = YES_AGGRESSIVE;
				CLANG_CXX_LANGUAGE_STANDARD = "gnu++14";
				CLANG_CXX_LIBRARY = "libc++";
				CLANG_ENABLE_MODULES = YES;
				CLANG_ENABLE_OBJC_ARC = YES;
				CLANG_ENABLE_OBJC_WEAK = YES;
				CLANG_WARN_BLOCK_CAPTURE_AUTORELEASING = YES;
				CLANG_WARN_BOOL_CONVERSION = YES;
				CLANG_WARN_COMMA = YES;
				CLANG_WARN_CONSTANT_CONVERSION = YES;
				CLANG_WARN_DEPRECATED_OBJC_IMPLEMENTATIONS = YES;
				CLANG_WARN_DIRECT_OBJC_ISA_USAGE = YES_ERROR;
				CLANG_WARN_DOCUMENTATION_COMMENTS = YES;
				CLANG_WARN_EMPTY_BODY = YES;
				CLANG_WARN_ENUM_CONVERSION = YES;
				CLANG_WARN_INFINITE_RECURSION = YES;
				CLANG_WARN_INT_CONVERSION = YES;
				CLANG_WARN_NON_LITERAL_NULL_CONVERSION = YES;
				CLANG_WARN_OBJC_IMPLICIT_RETAIN_SELF = YES;
				CLANG_WARN_OBJC_LITERAL_CONVERSION = YES;
				CLANG_WARN_OBJC_ROOT_CLASS = YES_ERROR;
				CLANG_WARN_RANGE_LOOP_ANALYSIS = YES;
				CLANG_WARN_STRICT_PROTOTYPES = YES;
				CLANG_WARN_SUSPICIOUS_MOVE = YES;
				CLANG_WARN_UNGUARDED_AVAILABILITY = YES_AGGRESSIVE;
				CLANG_WARN_UNREACHABLE_CODE = YES;
				CLANG_WARN__DUPLICATE_METHOD_MATCH = YES;
				COPY_PHASE_STRIP = NO;
				DEBUG_INFORMATION_FORMAT = dwarf;
				ENABLE_STRICT_OBJC_MSGSEND = YES;
				ENABLE_TESTABILITY = YES;
				GCC_C_LANGUAGE_STANDARD = gnu11;
				GCC_DYNAMIC_NO_PIC = NO;
				GCC_NO_COMMON_BLOCKS = YES;
				GCC_OPTIMIZATION_LEVEL = 0;
				GCC_PREPROCESSOR_DEFINITIONS = (
					"DEBUG=1",
					"$(inherited)",
				);
				GCC_WARN_64_TO_32_BIT_CONVERSION = YES;
				GCC_WARN_ABOUT_RETURN_TYPE = YES_ERROR;
				GCC_WARN_UNDECLARED_SELECTOR = YES;
				GCC_WARN_UNINITIALIZED_AUTOS = YES_AGGRESSIVE;
				GCC_WARN_UNUSED_FUNCTION = YES;
				GCC_WARN_UNUSED_VARIABLE = YES;
				IPHONEOS_DEPLOYMENT_TARGET = 13.2;
				MTL_ENABLE_DEBUG_INFO = INCLUDE_SOURCE;
				MTL_FAST_MATH = YES;
				ONLY_ACTIVE_ARCH = YES;
				SDKROOT = iphoneos;
				SWIFT_ACTIVE_COMPILATION_CONDITIONS = DEBUG;
				SWIFT_OPTIMIZATION_LEVEL = "-Onone";
			};
			name = Debug;
		};
		A35682EA23E4D38A00998C75 /* Release */ = {
			isa = XCBuildConfiguration;
			buildSettings = {
				ALWAYS_SEARCH_USER_PATHS = NO;
				CLANG_ANALYZER_NONNULL = YES;
				CLANG_ANALYZER_NUMBER_OBJECT_CONVERSION = YES_AGGRESSIVE;
				CLANG_CXX_LANGUAGE_STANDARD = "gnu++14";
				CLANG_CXX_LIBRARY = "libc++";
				CLANG_ENABLE_MODULES = YES;
				CLANG_ENABLE_OBJC_ARC = YES;
				CLANG_ENABLE_OBJC_WEAK = YES;
				CLANG_WARN_BLOCK_CAPTURE_AUTORELEASING = YES;
				CLANG_WARN_BOOL_CONVERSION = YES;
				CLANG_WARN_COMMA = YES;
				CLANG_WARN_CONSTANT_CONVERSION = YES;
				CLANG_WARN_DEPRECATED_OBJC_IMPLEMENTATIONS = YES;
				CLANG_WARN_DIRECT_OBJC_ISA_USAGE = YES_ERROR;
				CLANG_WARN_DOCUMENTATION_COMMENTS = YES;
				CLANG_WARN_EMPTY_BODY = YES;
				CLANG_WARN_ENUM_CONVERSION = YES;
				CLANG_WARN_INFINITE_RECURSION = YES;
				CLANG_WARN_INT_CONVERSION = YES;
				CLANG_WARN_NON_LITERAL_NULL_CONVERSION = YES;
				CLANG_WARN_OBJC_IMPLICIT_RETAIN_SELF = YES;
				CLANG_WARN_OBJC_LITERAL_CONVERSION = YES;
				CLANG_WARN_OBJC_ROOT_CLASS = YES_ERROR;
				CLANG_WARN_RANGE_LOOP_ANALYSIS = YES;
				CLANG_WARN_STRICT_PROTOTYPES = YES;
				CLANG_WARN_SUSPICIOUS_MOVE = YES;
				CLANG_WARN_UNGUARDED_AVAILABILITY = YES_AGGRESSIVE;
				CLANG_WARN_UNREACHABLE_CODE = YES;
				CLANG_WARN__DUPLICATE_METHOD_MATCH = YES;
				COPY_PHASE_STRIP = NO;
				DEBUG_INFORMATION_FORMAT = "dwarf-with-dsym";
				ENABLE_NS_ASSERTIONS = NO;
				ENABLE_STRICT_OBJC_MSGSEND = YES;
				GCC_C_LANGUAGE_STANDARD = gnu11;
				GCC_NO_COMMON_BLOCKS = YES;
				GCC_WARN_64_TO_32_BIT_CONVERSION = YES;
				GCC_WARN_ABOUT_RETURN_TYPE = YES_ERROR;
				GCC_WARN_UNDECLARED_SELECTOR = YES;
				GCC_WARN_UNINITIALIZED_AUTOS = YES_AGGRESSIVE;
				GCC_WARN_UNUSED_FUNCTION = YES;
				GCC_WARN_UNUSED_VARIABLE = YES;
				IPHONEOS_DEPLOYMENT_TARGET = 13.2;
				MTL_ENABLE_DEBUG_INFO = NO;
				MTL_FAST_MATH = YES;
				SDKROOT = iphoneos;
				SWIFT_COMPILATION_MODE = wholemodule;
				SWIFT_OPTIMIZATION_LEVEL = "-O";
				VALIDATE_PRODUCT = YES;
			};
			name = Release;
		};
		A35682EC23E4D38A00998C75 /* Debug */ = {
			isa = XCBuildConfiguration;
			buildSettings = {
				ASSETCATALOG_COMPILER_APPICON_NAME = AppIcon;
				CODE_SIGN_STYLE = Automatic;
				INFOPLIST_FILE = tip/Info.plist;
				LD_RUNPATH_SEARCH_PATHS = (
					"$(inherited)",
					"@executable_path/Frameworks",
				);
				PRODUCT_BUNDLE_IDENTIFIER = alecmoore.tip;
				PRODUCT_NAME = "$(TARGET_NAME)";
				SWIFT_VERSION = 5.0;
				TARGETED_DEVICE_FAMILY = "1,2";
			};
			name = Debug;
		};
		A35682ED23E4D38A00998C75 /* Release */ = {
			isa = XCBuildConfiguration;
			buildSettings = {
				ASSETCATALOG_COMPILER_APPICON_NAME = AppIcon;
				CODE_SIGN_STYLE = Automatic;
				INFOPLIST_FILE = tip/Info.plist;
				LD_RUNPATH_SEARCH_PATHS = (
					"$(inherited)",
					"@executable_path/Frameworks",
				);
				PRODUCT_BUNDLE_IDENTIFIER = alecmoore.tip;
				PRODUCT_NAME = "$(TARGET_NAME)";
				SWIFT_VERSION = 5.0;
				TARGETED_DEVICE_FAMILY = "1,2";
			};
			name = Release;
		};
		A35682EF23E4D38A00998C75 /* Debug */ = {
			isa = XCBuildConfiguration;
			buildSettings = {
				ALWAYS_EMBED_SWIFT_STANDARD_LIBRARIES = YES;
				BUNDLE_LOADER = "$(TEST_HOST)";
				CODE_SIGN_STYLE = Automatic;
				INFOPLIST_FILE = tipTests/Info.plist;
				IPHONEOS_DEPLOYMENT_TARGET = 13.2;
				LD_RUNPATH_SEARCH_PATHS = (
					"$(inherited)",
					"@executable_path/Frameworks",
					"@loader_path/Frameworks",
				);
				PRODUCT_BUNDLE_IDENTIFIER = alecmoore.tipTests;
				PRODUCT_NAME = "$(TARGET_NAME)";
				SWIFT_VERSION = 5.0;
				TARGETED_DEVICE_FAMILY = "1,2";
				TEST_HOST = "$(BUILT_PRODUCTS_DIR)/tip.app/tip";
			};
			name = Debug;
		};
		A35682F023E4D38A00998C75 /* Release */ = {
			isa = XCBuildConfiguration;
			buildSettings = {
				ALWAYS_EMBED_SWIFT_STANDARD_LIBRARIES = YES;
				BUNDLE_LOADER = "$(TEST_HOST)";
				CODE_SIGN_STYLE = Automatic;
				INFOPLIST_FILE = tipTests/Info.plist;
				IPHONEOS_DEPLOYMENT_TARGET = 13.2;
				LD_RUNPATH_SEARCH_PATHS = (
					"$(inherited)",
					"@executable_path/Frameworks",
					"@loader_path/Frameworks",
				);
				PRODUCT_BUNDLE_IDENTIFIER = alecmoore.tipTests;
				PRODUCT_NAME = "$(TARGET_NAME)";
				SWIFT_VERSION = 5.0;
				TARGETED_DEVICE_FAMILY = "1,2";
				TEST_HOST = "$(BUILT_PRODUCTS_DIR)/tip.app/tip";
			};
			name = Release;
		};
		A35682F223E4D38A00998C75 /* Debug */ = {
			isa = XCBuildConfiguration;
			buildSettings = {
				ALWAYS_EMBED_SWIFT_STANDARD_LIBRARIES = YES;
				CODE_SIGN_STYLE = Automatic;
				INFOPLIST_FILE = tipUITests/Info.plist;
				LD_RUNPATH_SEARCH_PATHS = (
					"$(inherited)",
					"@executable_path/Frameworks",
					"@loader_path/Frameworks",
				);
				PRODUCT_BUNDLE_IDENTIFIER = alecmoore.tipUITests;
				PRODUCT_NAME = "$(TARGET_NAME)";
				SWIFT_VERSION = 5.0;
				TARGETED_DEVICE_FAMILY = "1,2";
				TEST_TARGET_NAME = tip;
			};
			name = Debug;
		};
		A35682F323E4D38A00998C75 /* Release */ = {
			isa = XCBuildConfiguration;
			buildSettings = {
				ALWAYS_EMBED_SWIFT_STANDARD_LIBRARIES = YES;
				CODE_SIGN_STYLE = Automatic;
				INFOPLIST_FILE = tipUITests/Info.plist;
				LD_RUNPATH_SEARCH_PATHS = (
					"$(inherited)",
					"@executable_path/Frameworks",
					"@loader_path/Frameworks",
				);
				PRODUCT_BUNDLE_IDENTIFIER = alecmoore.tipUITests;
				PRODUCT_NAME = "$(TARGET_NAME)";
				SWIFT_VERSION = 5.0;
				TARGETED_DEVICE_FAMILY = "1,2";
				TEST_TARGET_NAME = tip;
			};
			name = Release;
		};
/* End XCBuildConfiguration section */

/* Begin XCConfigurationList section */
		A35682BC23E4D38700998C75 /* Build configuration list for PBXProject "tip" */ = {
			isa = XCConfigurationList;
			buildConfigurations = (
				A35682E923E4D38A00998C75 /* Debug */,
				A35682EA23E4D38A00998C75 /* Release */,
			);
			defaultConfigurationIsVisible = 0;
			defaultConfigurationName = Release;
		};
		A35682EB23E4D38A00998C75 /* Build configuration list for PBXNativeTarget "tip" */ = {
			isa = XCConfigurationList;
			buildConfigurations = (
				A35682EC23E4D38A00998C75 /* Debug */,
				A35682ED23E4D38A00998C75 /* Release */,
			);
			defaultConfigurationIsVisible = 0;
			defaultConfigurationName = Release;
		};
		A35682EE23E4D38A00998C75 /* Build configuration list for PBXNativeTarget "tipTests" */ = {
			isa = XCConfigurationList;
			buildConfigurations = (
				A35682EF23E4D38A00998C75 /* Debug */,
				A35682F023E4D38A00998C75 /* Release */,
			);
			defaultConfigurationIsVisible = 0;
			defaultConfigurationName = Release;
		};
		A35682F123E4D38A00998C75 /* Build configuration list for PBXNativeTarget "tipUITests" */ = {
			isa = XCConfigurationList;
			buildConfigurations = (
				A35682F223E4D38A00998C75 /* Debug */,
				A35682F323E4D38A00998C75 /* Release */,
			);
			defaultConfigurationIsVisible = 0;
			defaultConfigurationName = Release;
		};
/* End XCConfigurationList section */
	};
	rootObject = A35682B923E4D38700998C75 /* Project object */;
}
